
Microsoft Visual Studio Solution File, Format Version 12.00
# Visual Studio Version 17
VisualStudioVersion = 17.4.33213.308
MinimumVisualStudioVersion = 10.0.40219.1
Project("{FAE04EC0-301F-11D3-BF4B-00C04F79EFBC}") = "DataStructureLinkedListProject", "DataStructureLinkedListProject\DataStructureLinkedListProject.csproj", "{BC0973D7-FD50-4958-A51C-7D8D5887B1C1}"
EndProject
Global
	GlobalSection(SolutionConfigurationPlatforms) = preSolution
		Debug|Any CPU = Debug|Any CPU
		Release|Any CPU = Release|Any CPU
	EndGlobalSection
	GlobalSection(ProjectConfigurationPlatforms) = postSolution
		{BC0973D7-FD50-4958-A51C-7D8D5887B1C1}.Debug|Any CPU.ActiveCfg = Debug|Any CPU
		{BC0973D7-FD50-4958-A51C-7D8D5887B1C1}.Debug|Any CPU.Build.0 = Debug|Any CPU
		{BC0973D7-FD50-4958-A51C-7D8D5887B1C1}.Release|Any CPU.ActiveCfg = Release|Any CPU
		{BC0973D7-FD50-4958-A51C-7D8D5887B1C1}.Release|Any CPU.Build.0 = Release|Any CPU
	EndGlobalSection
	GlobalSection(SolutionProperties) = preSolution
		HideSolutionNode = FALSE
	EndGlobalSection
	GlobalSection(ExtensibilityGlobals) = postSolution
		SolutionGuid = {10D7B8BF-53E2-4BE0-B84B-D2B5E712F9C6}
	EndGlobalSection
EndGlobal
